PODS:
  - Alamofire (5.1.0)
  - PromiseKit (6.13.1):
    - PromiseKit/CorePromise (= 6.13.1)
    - PromiseKit/Foundation (= 6.13.1)
    - PromiseKit/UIKit (= 6.13.1)
  - PromiseKit/CorePromise (6.13.1)
  - PromiseKit/Foundation (6.13.1):
    - PromiseKit/CorePromise
  - PromiseKit/UIKit (6.13.1):
    - PromiseKit/CorePromise
  - SwiftSocket (2.0.2)

DEPENDENCIES:
  - Alamofire (~> 5.1)
  - PromiseKit (~> 6.8)
  - SwiftSocket (from `https://github.com/swiftsocket/SwiftSocket`, commit `4a3af2cbbaef5b2fddbaff80f6767fecc0ce5fe2`)

SPEC REPOS:
  trunk:
    - Alamofire
    - PromiseKit

EXTERNAL SOURCES:
  SwiftSocket:
    :commit: 4a3af2cbbaef5b2fddbaff80f6767fecc0ce5fe2
    :git: https://github.com/swiftsocket/SwiftSocket

CHECKOUT OPTIONS:
  SwiftSocket:
    :commit: 4a3af2cbbaef5b2fddbaff80f6767fecc0ce5fe2
    :git: https://github.com/swiftsocket/SwiftSocket

SPEC CHECKSUMS:
  Alamofire: 9d5c5f602928e512395b30950c5984eca840093c
  PromiseKit: 28fda91c973cc377875d8c0ea4f973013c05b6db
  SwiftSocket: c8d482e867ae4d3eb4c769e9382e123c1f1f833b

PODFILE CHECKSUM: ae0e98353db4342cbe2488bcb480e15e9f656eab

COCOAPODS: 1.9.1
