PODS:
  - SwiftSocket (2.0.2)

DEPENDENCIES:
  - SwiftSocket (from `https://github.com/swiftsocket/SwiftSocket`, commit `4a3af2cbbaef5b2fddbaff80f6767fecc0ce5fe2`)

EXTERNAL SOURCES:
  SwiftSocket:
    :commit: 4a3af2cbbaef5b2fddbaff80f6767fecc0ce5fe2
    :git: https://github.com/swiftsocket/SwiftSocket

CHECKOUT OPTIONS:
  SwiftSocket:
    :commit: 4a3af2cbbaef5b2fddbaff80f6767fecc0ce5fe2
    :git: https://github.com/swiftsocket/SwiftSocket

SPEC CHECKSUMS:
  SwiftSocket: c8d482e867ae4d3eb4c769e9382e123c1f1f833b

PODFILE CHECKSUM: 974a60553a140fec29fd1854d7104848bd500071

COCOAPODS: 1.9.1
