// !$*UTF8*$!
{
	archiveVersion = 1;
	classes = {
	};
	objectVersion = 51;
	objects = {

/* Begin PBXBuildFile section */
		07093B8F241ADFFA00CA1E3E /* libbindings.a in Frameworks */ = {isa = PBXBuildFile; fileRef = 07093B8D241ADFDB00CA1E3E /* libbindings.a */; };
		0721E064246327A9001ED069 /* RawLDKTypes.swift in Sources */ = {isa = PBXBuildFile; fileRef = 0721E063246327A9001ED069 /* RawLDKTypes.swift */; };
		0721E06624649C49001ED069 /* PeerManager.swift in Sources */ = {isa = PBXBuildFile; fileRef = 0721E06524649C49001ED069 /* PeerManager.swift */; };
		074EBC752464A4DA0090DD79 /* Demonstration.swift in Sources */ = {isa = PBXBuildFile; fileRef = 074EBC742464A4DA0090DD79 /* Demonstration.swift */; };
		076BCB71240E56F0002FFD79 /* AppDelegate.swift in Sources */ = {isa = PBXBuildFile; fileRef = 076BCB70240E56F0002FFD79 /* AppDelegate.swift */; };
		076BCB73240E56F0002FFD79 /* SceneDelegate.swift in Sources */ = {isa = PBXBuildFile; fileRef = 076BCB72240E56F0002FFD79 /* SceneDelegate.swift */; };
		076BCB75240E56F0002FFD79 /* ContentView.swift in Sources */ = {isa = PBXBuildFile; fileRef = 076BCB74240E56F0002FFD79 /* ContentView.swift */; };
		076BCB77240E56F4002FFD79 /* Assets.xcassets in Resources */ = {isa = PBXBuildFile; fileRef = 076BCB76240E56F4002FFD79 /* Assets.xcassets */; };
		076BCB7A240E56F4002FFD79 /* Preview Assets.xcassets in Resources */ = {isa = PBXBuildFile; fileRef = 076BCB79240E56F4002FFD79 /* Preview Assets.xcassets */; };
		076BCB7D240E56F4002FFD79 /* LaunchScreen.storyboard in Resources */ = {isa = PBXBuildFile; fileRef = 076BCB7B240E56F4002FFD79 /* LaunchScreen.storyboard */; };
		076BCB88240E56F4002FFD79 /* Swift_Rust_FFITests.swift in Sources */ = {isa = PBXBuildFile; fileRef = 076BCB87240E56F4002FFD79 /* Swift_Rust_FFITests.swift */; };
		076BCB98240E5935002FFD79 /* libresolv.tbd in Frameworks */ = {isa = PBXBuildFile; fileRef = 076BCB97240E592E002FFD79 /* libresolv.tbd */; };
		07FC1B5B241A350C00C4E6D8 /* Handshake.swift in Sources */ = {isa = PBXBuildFile; fileRef = 07FC1B5A241A350C00C4E6D8 /* Handshake.swift */; };
		2DD11656DBCC13B29E23D4DC /* ChannelMessageHandler.swift in Sources */ = {isa = PBXBuildFile; fileRef = 2DD119B94B1681AF880B6CDB /* ChannelMessageHandler.swift */; };
		2DD1176232492006BCF8AAAF /* Peer.swift in Sources */ = {isa = PBXBuildFile; fileRef = 2DD1191AF10E5CEBB4B8B4A1 /* Peer.swift */; };
		2DD117B0D2B2F2B22502C553 /* ChannelManager.swift in Sources */ = {isa = PBXBuildFile; fileRef = 2DD119C98B25EC53EACE769B /* ChannelManager.swift */; };
		2DD1184BFB34D666CC554401 /* Logger.swift in Sources */ = {isa = PBXBuildFile; fileRef = 2DD11FCA822BF0F8F231EA44 /* Logger.swift */; };
		2DD11E028E0E0E53CB8731AE /* FeeEstimator.swift in Sources */ = {isa = PBXBuildFile; fileRef = 2DD11EE414727F5ED4468EB7 /* FeeEstimator.swift */; };
		2DD11E689A19E6FE3660C28D /* CustomPeer.swift in Sources */ = {isa = PBXBuildFile; fileRef = 2DD11A892D5A07AE47006E98 /* CustomPeer.swift */; };
		9CC87346C07A1FC6013EC06F /* Pods_Swift_Rust_FFI.framework in Frameworks */ = {isa = PBXBuildFile; fileRef = 769F94D0AF02F1B815B4006B /* Pods_Swift_Rust_FFI.framework */; };
/* End PBXBuildFile section */

/* Begin PBXContainerItemProxy section */
		076BCB84240E56F4002FFD79 /* PBXContainerItemProxy */ = {
			isa = PBXContainerItemProxy;
			containerPortal = 076BCB65240E56EF002FFD79 /* Project object */;
			proxyType = 1;
			remoteGlobalIDString = 076BCB6C240E56F0002FFD79;
			remoteInfo = "Swift Rust FFI";
		};
/* End PBXContainerItemProxy section */

/* Begin PBXFileReference section */
		07093B8D241ADFDB00CA1E3E /* libbindings.a */ = {isa = PBXFileReference; lastKnownFileType = archive.ar; path = libbindings.a; sourceTree = "<group>"; };
		07093B90241AE0E000CA1E3E /* ldk_ffi.h */ = {isa = PBXFileReference; fileEncoding = 4; lastKnownFileType = sourcecode.c.h; path = ldk_ffi.h; sourceTree = "<group>"; };
		0721E063246327A9001ED069 /* RawLDKTypes.swift */ = {isa = PBXFileReference; lastKnownFileType = sourcecode.swift; path = RawLDKTypes.swift; sourceTree = "<group>"; };
		0721E06524649C49001ED069 /* PeerManager.swift */ = {isa = PBXFileReference; lastKnownFileType = sourcecode.swift; path = PeerManager.swift; sourceTree = "<group>"; };
		074EBC742464A4DA0090DD79 /* Demonstration.swift */ = {isa = PBXFileReference; lastKnownFileType = sourcecode.swift; path = Demonstration.swift; sourceTree = "<group>"; };
		076BCB6D240E56F0002FFD79 /* Swift Rust FFI.app */ = {isa = PBXFileReference; explicitFileType = wrapper.application; includeInIndex = 0; path = "Swift Rust FFI.app"; sourceTree = BUILT_PRODUCTS_DIR; };
		076BCB70240E56F0002FFD79 /* AppDelegate.swift */ = {isa = PBXFileReference; lastKnownFileType = sourcecode.swift; path = AppDelegate.swift; sourceTree = "<group>"; };
		076BCB72240E56F0002FFD79 /* SceneDelegate.swift */ = {isa = PBXFileReference; lastKnownFileType = sourcecode.swift; path = SceneDelegate.swift; sourceTree = "<group>"; };
		076BCB74240E56F0002FFD79 /* ContentView.swift */ = {isa = PBXFileReference; lastKnownFileType = sourcecode.swift; path = ContentView.swift; sourceTree = "<group>"; };
		076BCB76240E56F4002FFD79 /* Assets.xcassets */ = {isa = PBXFileReference; lastKnownFileType = folder.assetcatalog; path = Assets.xcassets; sourceTree = "<group>"; };
		076BCB79240E56F4002FFD79 /* Preview Assets.xcassets */ = {isa = PBXFileReference; lastKnownFileType = folder.assetcatalog; path = "Preview Assets.xcassets"; sourceTree = "<group>"; };
		076BCB7C240E56F4002FFD79 /* Base */ = {isa = PBXFileReference; lastKnownFileType = file.storyboard; name = Base; path = Base.lproj/LaunchScreen.storyboard; sourceTree = "<group>"; };
		076BCB7E240E56F4002FFD79 /* Info.plist */ = {isa = PBXFileReference; lastKnownFileType = text.plist.xml; path = Info.plist; sourceTree = "<group>"; };
		076BCB83240E56F4002FFD79 /* Swift Rust FFITests.xctest */ = {isa = PBXFileReference; explicitFileType = wrapper.cfbundle; includeInIndex = 0; path = "Swift Rust FFITests.xctest"; sourceTree = BUILT_PRODUCTS_DIR; };
		076BCB87240E56F4002FFD79 /* Swift_Rust_FFITests.swift */ = {isa = PBXFileReference; lastKnownFileType = sourcecode.swift; path = Swift_Rust_FFITests.swift; sourceTree = "<group>"; };
		076BCB89240E56F4002FFD79 /* Info.plist */ = {isa = PBXFileReference; lastKnownFileType = text.plist.xml; path = Info.plist; sourceTree = "<group>"; };
		076BCB93240E5760002FFD79 /* librustswiftffi.a */ = {isa = PBXFileReference; lastKnownFileType = archive.ar; name = librustswiftffi.a; path = ../../cargo/target/universal/release/librustswiftffi.a; sourceTree = "<group>"; };
		076BCB96240E5805002FFD79 /* FFI-Bridging-Header.h */ = {isa = PBXFileReference; lastKnownFileType = sourcecode.c.h; path = "FFI-Bridging-Header.h"; sourceTree = "<group>"; };
		076BCB97240E592E002FFD79 /* libresolv.tbd */ = {isa = PBXFileReference; lastKnownFileType = "sourcecode.text-based-dylib-definition"; name = libresolv.tbd; path = usr/lib/libresolv.tbd; sourceTree = SDKROOT; };
		076BCB9B240E6047002FFD79 /* librust_swift_ffi.a */ = {isa = PBXFileReference; lastKnownFileType = archive.ar; name = librust_swift_ffi.a; path = ../../cargo/target/universal/release/librust_swift_ffi.a; sourceTree = "<group>"; };
		076BCB9D24117ECE002FFD79 /* libbindings.a */ = {isa = PBXFileReference; lastKnownFileType = archive.ar; name = libbindings.a; path = "../../../rust-lightning/target/universal/release/libbindings.a"; sourceTree = "<group>"; };
		07FC1B5A241A350C00C4E6D8 /* Handshake.swift */ = {isa = PBXFileReference; lastKnownFileType = sourcecode.swift; path = Handshake.swift; sourceTree = "<group>"; };
		2DD110AA3B0A133662005BE6 /* rust_types.h */ = {isa = PBXFileReference; fileEncoding = 4; lastKnownFileType = sourcecode.c.h; path = rust_types.h; sourceTree = "<group>"; };
		2DD1191AF10E5CEBB4B8B4A1 /* Peer.swift */ = {isa = PBXFileReference; fileEncoding = 4; lastKnownFileType = sourcecode.swift; path = Peer.swift; sourceTree = "<group>"; };
		2DD119B94B1681AF880B6CDB /* ChannelMessageHandler.swift */ = {isa = PBXFileReference; fileEncoding = 4; lastKnownFileType = sourcecode.swift; path = ChannelMessageHandler.swift; sourceTree = "<group>"; };
		2DD119C98B25EC53EACE769B /* ChannelManager.swift */ = {isa = PBXFileReference; fileEncoding = 4; lastKnownFileType = sourcecode.swift; path = ChannelManager.swift; sourceTree = "<group>"; };
		2DD11A892D5A07AE47006E98 /* CustomPeer.swift */ = {isa = PBXFileReference; fileEncoding = 4; lastKnownFileType = sourcecode.swift; path = CustomPeer.swift; sourceTree = "<group>"; };
		2DD11CBC04C4FB9EA8162028 /* README.md */ = {isa = PBXFileReference; fileEncoding = 4; lastKnownFileType = net.daringfireball.markdown; path = README.md; sourceTree = "<group>"; };
		2DD11EBA6418725D4FEA7893 /* lightning.h */ = {isa = PBXFileReference; fileEncoding = 4; lastKnownFileType = sourcecode.c.h; path = lightning.h; sourceTree = "<group>"; };
		2DD11EE414727F5ED4468EB7 /* FeeEstimator.swift */ = {isa = PBXFileReference; fileEncoding = 4; lastKnownFileType = sourcecode.swift; path = FeeEstimator.swift; sourceTree = "<group>"; };
		2DD11FCA822BF0F8F231EA44 /* Logger.swift */ = {isa = PBXFileReference; fileEncoding = 4; lastKnownFileType = sourcecode.swift; path = Logger.swift; sourceTree = "<group>"; };
		769F94D0AF02F1B815B4006B /* Pods_Swift_Rust_FFI.framework */ = {isa = PBXFileReference; explicitFileType = wrapper.framework; includeInIndex = 0; path = Pods_Swift_Rust_FFI.framework; sourceTree = BUILT_PRODUCTS_DIR; };
		99D1A1263F0FB934A614F5D4 /* Pods-Swift Rust FFI.release.xcconfig */ = {isa = PBXFileReference; includeInIndex = 1; lastKnownFileType = text.xcconfig; name = "Pods-Swift Rust FFI.release.xcconfig"; path = "Target Support Files/Pods-Swift Rust FFI/Pods-Swift Rust FFI.release.xcconfig"; sourceTree = "<group>"; };
		C0B8CA82EE150BB6FD2501CC /* Pods-Swift Rust FFI.debug.xcconfig */ = {isa = PBXFileReference; includeInIndex = 1; lastKnownFileType = text.xcconfig; name = "Pods-Swift Rust FFI.debug.xcconfig"; path = "Target Support Files/Pods-Swift Rust FFI/Pods-Swift Rust FFI.debug.xcconfig"; sourceTree = "<group>"; };
/* End PBXFileReference section */

/* Begin PBXFrameworksBuildPhase section */
		076BCB6A240E56F0002FFD79 /* Frameworks */ = {
			isa = PBXFrameworksBuildPhase;
			buildActionMask = 2147483647;
			files = (
				07093B8F241ADFFA00CA1E3E /* libbindings.a in Frameworks */,
				076BCB98240E5935002FFD79 /* libresolv.tbd in Frameworks */,
				9CC87346C07A1FC6013EC06F /* Pods_Swift_Rust_FFI.framework in Frameworks */,
			);
			runOnlyForDeploymentPostprocessing = 0;
		};
		076BCB80240E56F4002FFD79 /* Frameworks */ = {
			isa = PBXFrameworksBuildPhase;
			buildActionMask = 2147483647;
			files = (
			);
			runOnlyForDeploymentPostprocessing = 0;
		};
/* End PBXFrameworksBuildPhase section */

/* Begin PBXGroup section */
		074EBC762464EF470090DD79 /* LDK */ = {
			isa = PBXGroup;
			children = (
				0721E06524649C49001ED069 /* PeerManager.swift */,
				0721E063246327A9001ED069 /* RawLDKTypes.swift */,
				2DD1191AF10E5CEBB4B8B4A1 /* Peer.swift */,
				2DD11FCA822BF0F8F231EA44 /* Logger.swift */,
				2DD119B94B1681AF880B6CDB /* ChannelMessageHandler.swift */,
				2DD119C98B25EC53EACE769B /* ChannelManager.swift */,
				2DD11EE414727F5ED4468EB7 /* FeeEstimator.swift */,
			);
			path = LDK;
			sourceTree = "<group>";
		};
		076BCB64240E56EF002FFD79 = {
			isa = PBXGroup;
			children = (
				076BCB96240E5805002FFD79 /* FFI-Bridging-Header.h */,
				07093B90241AE0E000CA1E3E /* ldk_ffi.h */,
				07093B8D241ADFDB00CA1E3E /* libbindings.a */,
				076BCB6F240E56F0002FFD79 /* Swift Rust FFI */,
				076BCB86240E56F4002FFD79 /* Swift Rust FFITests */,
				076BCB6E240E56F0002FFD79 /* Products */,
				076BCB92240E5760002FFD79 /* Frameworks */,
				FD542169B65FC2B60F4F1487 /* Pods */,
				2DD11EBA6418725D4FEA7893 /* lightning.h */,
				2DD110AA3B0A133662005BE6 /* rust_types.h */,
				2DD11CBC04C4FB9EA8162028 /* README.md */,
			);
			sourceTree = "<group>";
		};
		076BCB6E240E56F0002FFD79 /* Products */ = {
			isa = PBXGroup;
			children = (
				076BCB6D240E56F0002FFD79 /* Swift Rust FFI.app */,
				076BCB83240E56F4002FFD79 /* Swift Rust FFITests.xctest */,
			);
			name = Products;
			sourceTree = "<group>";
		};
		076BCB6F240E56F0002FFD79 /* Swift Rust FFI */ = {
			isa = PBXGroup;
			children = (
				074EBC762464EF470090DD79 /* LDK */,
				076BCB70240E56F0002FFD79 /* AppDelegate.swift */,
				076BCB72240E56F0002FFD79 /* SceneDelegate.swift */,
				076BCB74240E56F0002FFD79 /* ContentView.swift */,
				076BCB76240E56F4002FFD79 /* Assets.xcassets */,
				076BCB7B240E56F4002FFD79 /* LaunchScreen.storyboard */,
				076BCB7E240E56F4002FFD79 /* Info.plist */,
				076BCB78240E56F4002FFD79 /* Preview Content */,
				07FC1B5A241A350C00C4E6D8 /* Handshake.swift */,
				074EBC742464A4DA0090DD79 /* Demonstration.swift */,
				2DD11A892D5A07AE47006E98 /* CustomPeer.swift */,
			);
			path = "Swift Rust FFI";
			sourceTree = "<group>";
		};
		076BCB78240E56F4002FFD79 /* Preview Content */ = {
			isa = PBXGroup;
			children = (
				076BCB79240E56F4002FFD79 /* Preview Assets.xcassets */,
			);
			path = "Preview Content";
			sourceTree = "<group>";
		};
		076BCB86240E56F4002FFD79 /* Swift Rust FFITests */ = {
			isa = PBXGroup;
			children = (
				076BCB87240E56F4002FFD79 /* Swift_Rust_FFITests.swift */,
				076BCB89240E56F4002FFD79 /* Info.plist */,
			);
			path = "Swift Rust FFITests";
			sourceTree = "<group>";
		};
		076BCB92240E5760002FFD79 /* Frameworks */ = {
			isa = PBXGroup;
			children = (
				076BCB9D24117ECE002FFD79 /* libbindings.a */,
				076BCB9B240E6047002FFD79 /* librust_swift_ffi.a */,
				076BCB97240E592E002FFD79 /* libresolv.tbd */,
				076BCB93240E5760002FFD79 /* librustswiftffi.a */,
				769F94D0AF02F1B815B4006B /* Pods_Swift_Rust_FFI.framework */,
			);
			name = Frameworks;
			sourceTree = "<group>";
		};
		FD542169B65FC2B60F4F1487 /* Pods */ = {
			isa = PBXGroup;
			children = (
				C0B8CA82EE150BB6FD2501CC /* Pods-Swift Rust FFI.debug.xcconfig */,
				99D1A1263F0FB934A614F5D4 /* Pods-Swift Rust FFI.release.xcconfig */,
			);
			path = Pods;
			sourceTree = "<group>";
		};
/* End PBXGroup section */

/* Begin PBXNativeTarget section */
		076BCB6C240E56F0002FFD79 /* Swift Rust FFI */ = {
			isa = PBXNativeTarget;
			buildConfigurationList = 076BCB8C240E56F4002FFD79 /* Build configuration list for PBXNativeTarget "Swift Rust FFI" */;
			buildPhases = (
				DC7CFA10E5CEEA85148FF0D0 /* [CP] Check Pods Manifest.lock */,
				076BCB69240E56F0002FFD79 /* Sources */,
				076BCB6A240E56F0002FFD79 /* Frameworks */,
				076BCB6B240E56F0002FFD79 /* Resources */,
				119301EF46413C078BE15DBA /* [CP] Embed Pods Frameworks */,
			);
			buildRules = (
			);
			dependencies = (
			);
			name = "Swift Rust FFI";
			productName = "Swift Rust FFI";
			productReference = 076BCB6D240E56F0002FFD79 /* Swift Rust FFI.app */;
			productType = "com.apple.product-type.application";
		};
		076BCB82240E56F4002FFD79 /* Swift Rust FFITests */ = {
			isa = PBXNativeTarget;
			buildConfigurationList = 076BCB8F240E56F4002FFD79 /* Build configuration list for PBXNativeTarget "Swift Rust FFITests" */;
			buildPhases = (
				076BCB7F240E56F4002FFD79 /* Sources */,
				076BCB80240E56F4002FFD79 /* Frameworks */,
				076BCB81240E56F4002FFD79 /* Resources */,
			);
			buildRules = (
			);
			dependencies = (
				076BCB85240E56F4002FFD79 /* PBXTargetDependency */,
			);
			name = "Swift Rust FFITests";
			productName = "Swift Rust FFITests";
			productReference = 076BCB83240E56F4002FFD79 /* Swift Rust FFITests.xctest */;
			productType = "com.apple.product-type.bundle.unit-test";
		};
/* End PBXNativeTarget section */

/* Begin PBXProject section */
		076BCB65240E56EF002FFD79 /* Project object */ = {
			isa = PBXProject;
			attributes = {
				LastSwiftUpdateCheck = 1130;
				LastUpgradeCheck = 1130;
				ORGANIZATIONNAME = "Arik Sosman";
				TargetAttributes = {
					076BCB6C240E56F0002FFD79 = {
						CreatedOnToolsVersion = 11.3.1;
					};
					076BCB82240E56F4002FFD79 = {
						CreatedOnToolsVersion = 11.3.1;
						TestTargetID = 076BCB6C240E56F0002FFD79;
					};
				};
			};
			buildConfigurationList = 076BCB68240E56EF002FFD79 /* Build configuration list for PBXProject "Swift Rust FFI" */;
			compatibilityVersion = "Xcode 9.3";
			developmentRegion = en;
			hasScannedForEncodings = 0;
			knownRegions = (
				en,
				Base,
			);
			mainGroup = 076BCB64240E56EF002FFD79;
			productRefGroup = 076BCB6E240E56F0002FFD79 /* Products */;
			projectDirPath = "";
			projectRoot = "";
			targets = (
				076BCB6C240E56F0002FFD79 /* Swift Rust FFI */,
				076BCB82240E56F4002FFD79 /* Swift Rust FFITests */,
			);
		};
/* End PBXProject section */

/* Begin PBXResourcesBuildPhase section */
		076BCB6B240E56F0002FFD79 /* Resources */ = {
			isa = PBXResourcesBuildPhase;
			buildActionMask = 2147483647;
			files = (
				076BCB7D240E56F4002FFD79 /* LaunchScreen.storyboard in Resources */,
				076BCB7A240E56F4002FFD79 /* Preview Assets.xcassets in Resources */,
				076BCB77240E56F4002FFD79 /* Assets.xcassets in Resources */,
			);
			runOnlyForDeploymentPostprocessing = 0;
		};
		076BCB81240E56F4002FFD79 /* Resources */ = {
			isa = PBXResourcesBuildPhase;
			buildActionMask = 2147483647;
			files = (
			);
			runOnlyForDeploymentPostprocessing = 0;
		};
/* End PBXResourcesBuildPhase section */

/* Begin PBXShellScriptBuildPhase section */
		119301EF46413C078BE15DBA /* [CP] Embed Pods Frameworks */ = {
			isa = PBXShellScriptBuildPhase;
			buildActionMask = 2147483647;
			files = (
			);
			inputFileListPaths = (
				"${PODS_ROOT}/Target Support Files/Pods-Swift Rust FFI/Pods-Swift Rust FFI-frameworks-${CONFIGURATION}-input-files.xcfilelist",
			);
			name = "[CP] Embed Pods Frameworks";
			outputFileListPaths = (
				"${PODS_ROOT}/Target Support Files/Pods-Swift Rust FFI/Pods-Swift Rust FFI-frameworks-${CONFIGURATION}-output-files.xcfilelist",
			);
			runOnlyForDeploymentPostprocessing = 0;
			shellPath = /bin/sh;
			shellScript = "\"${PODS_ROOT}/Target Support Files/Pods-Swift Rust FFI/Pods-Swift Rust FFI-frameworks.sh\"\n";
			showEnvVarsInLog = 0;
		};
		DC7CFA10E5CEEA85148FF0D0 /* [CP] Check Pods Manifest.lock */ = {
			isa = PBXShellScriptBuildPhase;
			buildActionMask = 2147483647;
			files = (
			);
			inputFileListPaths = (
			);
			inputPaths = (
				"${PODS_PODFILE_DIR_PATH}/Podfile.lock",
				"${PODS_ROOT}/Manifest.lock",
			);
			name = "[CP] Check Pods Manifest.lock";
			outputFileListPaths = (
			);
			outputPaths = (
				"$(DERIVED_FILE_DIR)/Pods-Swift Rust FFI-checkManifestLockResult.txt",
			);
			runOnlyForDeploymentPostprocessing = 0;
			shellPath = /bin/sh;
			shellScript = "diff \"${PODS_PODFILE_DIR_PATH}/Podfile.lock\" \"${PODS_ROOT}/Manifest.lock\" > /dev/null\nif [ $? != 0 ] ; then\n    # print error to STDERR\n    echo \"error: The sandbox is not in sync with the Podfile.lock. Run 'pod install' or update your CocoaPods installation.\" >&2\n    exit 1\nfi\n# This output is used by Xcode 'outputs' to avoid re-running this script phase.\necho \"SUCCESS\" > \"${SCRIPT_OUTPUT_FILE_0}\"\n";
			showEnvVarsInLog = 0;
		};
/* End PBXShellScriptBuildPhase section */

/* Begin PBXSourcesBuildPhase section */
		076BCB69240E56F0002FFD79 /* Sources */ = {
			isa = PBXSourcesBuildPhase;
			buildActionMask = 2147483647;
			files = (
				076BCB71240E56F0002FFD79 /* AppDelegate.swift in Sources */,
				076BCB73240E56F0002FFD79 /* SceneDelegate.swift in Sources */,
				0721E06624649C49001ED069 /* PeerManager.swift in Sources */,
				0721E064246327A9001ED069 /* RawLDKTypes.swift in Sources */,
				074EBC752464A4DA0090DD79 /* Demonstration.swift in Sources */,
				07FC1B5B241A350C00C4E6D8 /* Handshake.swift in Sources */,
				076BCB75240E56F0002FFD79 /* ContentView.swift in Sources */,
				2DD1176232492006BCF8AAAF /* Peer.swift in Sources */,
				2DD11E689A19E6FE3660C28D /* CustomPeer.swift in Sources */,
				2DD1184BFB34D666CC554401 /* Logger.swift in Sources */,
				2DD11656DBCC13B29E23D4DC /* ChannelMessageHandler.swift in Sources */,
				2DD117B0D2B2F2B22502C553 /* ChannelManager.swift in Sources */,
				2DD11E028E0E0E53CB8731AE /* FeeEstimator.swift in Sources */,
			);
			runOnlyForDeploymentPostprocessing = 0;
		};
		076BCB7F240E56F4002FFD79 /* Sources */ = {
			isa = PBXSourcesBuildPhase;
			buildActionMask = 2147483647;
			files = (
				076BCB88240E56F4002FFD79 /* Swift_Rust_FFITests.swift in Sources */,
			);
			runOnlyForDeploymentPostprocessing = 0;
		};
/* End PBXSourcesBuildPhase section */

/* Begin PBXTargetDependency section */
		076BCB85240E56F4002FFD79 /* PBXTargetDependency */ = {
			isa = PBXTargetDependency;
			target = 076BCB6C240E56F0002FFD79 /* Swift Rust FFI */;
			targetProxy = 076BCB84240E56F4002FFD79 /* PBXContainerItemProxy */;
		};
/* End PBXTargetDependency section */

/* Begin PBXVariantGroup section */
		076BCB7B240E56F4002FFD79 /* LaunchScreen.storyboard */ = {
			isa = PBXVariantGroup;
			children = (
				076BCB7C240E56F4002FFD79 /* Base */,
			);
			name = LaunchScreen.storyboard;
			sourceTree = "<group>";
		};
/* End PBXVariantGroup section */

/* Begin XCBuildConfiguration section */
		076BCB8A240E56F4002FFD79 /* Debug */ = {
			isa = XCBuildConfiguration;
			buildSettings = {
				ALWAYS_SEARCH_USER_PATHS = NO;
				CLANG_ANALYZER_NONNULL = YES;
				CLANG_ANALYZER_NUMBER_OBJECT_CONVERSION = YES_AGGRESSIVE;
				CLANG_CXX_LANGUAGE_STANDARD = "gnu++14";
				CLANG_CXX_LIBRARY = "libc++";
				CLANG_ENABLE_MODULES = YES;
				CLANG_ENABLE_OBJC_ARC = YES;
				CLANG_ENABLE_OBJC_WEAK = YES;
				CLANG_WARN_BLOCK_CAPTURE_AUTORELEASING = YES;
				CLANG_WARN_BOOL_CONVERSION = YES;
				CLANG_WARN_COMMA = YES;
				CLANG_WARN_CONSTANT_CONVERSION = YES;
				CLANG_WARN_DEPRECATED_OBJC_IMPLEMENTATIONS = YES;
				CLANG_WARN_DIRECT_OBJC_ISA_USAGE = YES_ERROR;
				CLANG_WARN_DOCUMENTATION_COMMENTS = YES;
				CLANG_WARN_EMPTY_BODY = YES;
				CLANG_WARN_ENUM_CONVERSION = YES;
				CLANG_WARN_INFINITE_RECURSION = YES;
				CLANG_WARN_INT_CONVERSION = YES;
				CLANG_WARN_NON_LITERAL_NULL_CONVERSION = YES;
				CLANG_WARN_OBJC_IMPLICIT_RETAIN_SELF = YES;
				CLANG_WARN_OBJC_LITERAL_CONVERSION = YES;
				CLANG_WARN_OBJC_ROOT_CLASS = YES_ERROR;
				CLANG_WARN_RANGE_LOOP_ANALYSIS = YES;
				CLANG_WARN_STRICT_PROTOTYPES = YES;
				CLANG_WARN_SUSPICIOUS_MOVE = YES;
				CLANG_WARN_UNGUARDED_AVAILABILITY = YES_AGGRESSIVE;
				CLANG_WARN_UNREACHABLE_CODE = YES;
				CLANG_WARN__DUPLICATE_METHOD_MATCH = YES;
				COPY_PHASE_STRIP = NO;
				DEBUG_INFORMATION_FORMAT = dwarf;
				ENABLE_STRICT_OBJC_MSGSEND = YES;
				ENABLE_TESTABILITY = YES;
				GCC_C_LANGUAGE_STANDARD = gnu11;
				GCC_DYNAMIC_NO_PIC = NO;
				GCC_NO_COMMON_BLOCKS = YES;
				GCC_OPTIMIZATION_LEVEL = 0;
				GCC_PREPROCESSOR_DEFINITIONS = (
					"DEBUG=1",
					"$(inherited)",
				);
				GCC_WARN_64_TO_32_BIT_CONVERSION = YES;
				GCC_WARN_ABOUT_RETURN_TYPE = YES_ERROR;
				GCC_WARN_UNDECLARED_SELECTOR = YES;
				GCC_WARN_UNINITIALIZED_AUTOS = YES_AGGRESSIVE;
				GCC_WARN_UNUSED_FUNCTION = YES;
				GCC_WARN_UNUSED_VARIABLE = YES;
				IPHONEOS_DEPLOYMENT_TARGET = 13.0;
				MTL_ENABLE_DEBUG_INFO = INCLUDE_SOURCE;
				MTL_FAST_MATH = YES;
				ONLY_ACTIVE_ARCH = YES;
				SDKROOT = iphoneos;
				SWIFT_ACTIVE_COMPILATION_CONDITIONS = DEBUG;
				SWIFT_OPTIMIZATION_LEVEL = "-Onone";
			};
			name = Debug;
		};
		076BCB8B240E56F4002FFD79 /* Release */ = {
			isa = XCBuildConfiguration;
			buildSettings = {
				ALWAYS_SEARCH_USER_PATHS = NO;
				CLANG_ANALYZER_NONNULL = YES;
				CLANG_ANALYZER_NUMBER_OBJECT_CONVERSION = YES_AGGRESSIVE;
				CLANG_CXX_LANGUAGE_STANDARD = "gnu++14";
				CLANG_CXX_LIBRARY = "libc++";
				CLANG_ENABLE_MODULES = YES;
				CLANG_ENABLE_OBJC_ARC = YES;
				CLANG_ENABLE_OBJC_WEAK = YES;
				CLANG_WARN_BLOCK_CAPTURE_AUTORELEASING = YES;
				CLANG_WARN_BOOL_CONVERSION = YES;
				CLANG_WARN_COMMA = YES;
				CLANG_WARN_CONSTANT_CONVERSION = YES;
				CLANG_WARN_DEPRECATED_OBJC_IMPLEMENTATIONS = YES;
				CLANG_WARN_DIRECT_OBJC_ISA_USAGE = YES_ERROR;
				CLANG_WARN_DOCUMENTATION_COMMENTS = YES;
				CLANG_WARN_EMPTY_BODY = YES;
				CLANG_WARN_ENUM_CONVERSION = YES;
				CLANG_WARN_INFINITE_RECURSION = YES;
				CLANG_WARN_INT_CONVERSION = YES;
				CLANG_WARN_NON_LITERAL_NULL_CONVERSION = YES;
				CLANG_WARN_OBJC_IMPLICIT_RETAIN_SELF = YES;
				CLANG_WARN_OBJC_LITERAL_CONVERSION = YES;
				CLANG_WARN_OBJC_ROOT_CLASS = YES_ERROR;
				CLANG_WARN_RANGE_LOOP_ANALYSIS = YES;
				CLANG_WARN_STRICT_PROTOTYPES = YES;
				CLANG_WARN_SUSPICIOUS_MOVE = YES;
				CLANG_WARN_UNGUARDED_AVAILABILITY = YES_AGGRESSIVE;
				CLANG_WARN_UNREACHABLE_CODE = YES;
				CLANG_WARN__DUPLICATE_METHOD_MATCH = YES;
				COPY_PHASE_STRIP = NO;
				DEBUG_INFORMATION_FORMAT = "dwarf-with-dsym";
				ENABLE_NS_ASSERTIONS = NO;
				ENABLE_STRICT_OBJC_MSGSEND = YES;
				GCC_C_LANGUAGE_STANDARD = gnu11;
				GCC_NO_COMMON_BLOCKS = YES;
				GCC_WARN_64_TO_32_BIT_CONVERSION = YES;
				GCC_WARN_ABOUT_RETURN_TYPE = YES_ERROR;
				GCC_WARN_UNDECLARED_SELECTOR = YES;
				GCC_WARN_UNINITIALIZED_AUTOS = YES_AGGRESSIVE;
				GCC_WARN_UNUSED_FUNCTION = YES;
				GCC_WARN_UNUSED_VARIABLE = YES;
				IPHONEOS_DEPLOYMENT_TARGET = 13.0;
				MTL_ENABLE_DEBUG_INFO = NO;
				MTL_FAST_MATH = YES;
				SDKROOT = iphoneos;
				SWIFT_COMPILATION_MODE = wholemodule;
				SWIFT_OPTIMIZATION_LEVEL = "-O";
				VALIDATE_PRODUCT = YES;
			};
			name = Release;
		};
		076BCB8D240E56F4002FFD79 /* Debug */ = {
			isa = XCBuildConfiguration;
			baseConfigurationReference = C0B8CA82EE150BB6FD2501CC /* Pods-Swift Rust FFI.debug.xcconfig */;
			buildSettings = {
				ASSETCATALOG_COMPILER_APPICON_NAME = AppIcon;
				CODE_SIGN_STYLE = Automatic;
				DEVELOPMENT_ASSET_PATHS = "\"Swift Rust FFI/Preview Content\"";
				ENABLE_PREVIEWS = YES;
				INFOPLIST_FILE = "Swift Rust FFI/Info.plist";
				LD_RUNPATH_SEARCH_PATHS = (
					"$(inherited)",
					"@executable_path/Frameworks",
				);
				LIBRARY_SEARCH_PATHS = "$(PROJECT_DIR)";
				PRODUCT_BUNDLE_IDENTIFIER = "io.arik.Swift-Rust-FFI";
				PRODUCT_NAME = "$(TARGET_NAME)";
				SWIFT_OBJC_BRIDGING_HEADER = "$(PROJECT_DIR)/FFI-Bridging-Header.h";
				SWIFT_VERSION = 5.0;
				TARGETED_DEVICE_FAMILY = "1,2";
			};
			name = Debug;
		};
		076BCB8E240E56F4002FFD79 /* Release */ = {
			isa = XCBuildConfiguration;
			baseConfigurationReference = 99D1A1263F0FB934A614F5D4 /* Pods-Swift Rust FFI.release.xcconfig */;
			buildSettings = {
				ASSETCATALOG_COMPILER_APPICON_NAME = AppIcon;
				CODE_SIGN_STYLE = Automatic;
				DEVELOPMENT_ASSET_PATHS = "\"Swift Rust FFI/Preview Content\"";
				ENABLE_PREVIEWS = YES;
				INFOPLIST_FILE = "Swift Rust FFI/Info.plist";
				LD_RUNPATH_SEARCH_PATHS = (
					"$(inherited)",
					"@executable_path/Frameworks",
				);
				LIBRARY_SEARCH_PATHS = "$(PROJECT_DIR)";
				PRODUCT_BUNDLE_IDENTIFIER = "io.arik.Swift-Rust-FFI";
				PRODUCT_NAME = "$(TARGET_NAME)";
				SWIFT_OBJC_BRIDGING_HEADER = "$(PROJECT_DIR)/FFI-Bridging-Header.h";
				SWIFT_VERSION = 5.0;
				TARGETED_DEVICE_FAMILY = "1,2";
			};
			name = Release;
		};
		076BCB90240E56F4002FFD79 /* Debug */ = {
			isa = XCBuildConfiguration;
			buildSettings = {
				ALWAYS_EMBED_SWIFT_STANDARD_LIBRARIES = YES;
				BUNDLE_LOADER = "$(TEST_HOST)";
				CODE_SIGN_STYLE = Automatic;
				INFOPLIST_FILE = "Swift Rust FFITests/Info.plist";
				IPHONEOS_DEPLOYMENT_TARGET = 13.2;
				LD_RUNPATH_SEARCH_PATHS = (
					"$(inherited)",
					"@executable_path/Frameworks",
					"@loader_path/Frameworks",
				);
				PRODUCT_BUNDLE_IDENTIFIER = "io.arik.Swift-Rust-FFITests";
				PRODUCT_NAME = "$(TARGET_NAME)";
				SWIFT_VERSION = 5.0;
				TARGETED_DEVICE_FAMILY = "1,2";
				TEST_HOST = "$(BUILT_PRODUCTS_DIR)/Swift Rust FFI.app/Swift Rust FFI";
			};
			name = Debug;
		};
		076BCB91240E56F4002FFD79 /* Release */ = {
			isa = XCBuildConfiguration;
			buildSettings = {
				ALWAYS_EMBED_SWIFT_STANDARD_LIBRARIES = YES;
				BUNDLE_LOADER = "$(TEST_HOST)";
				CODE_SIGN_STYLE = Automatic;
				INFOPLIST_FILE = "Swift Rust FFITests/Info.plist";
				IPHONEOS_DEPLOYMENT_TARGET = 13.2;
				LD_RUNPATH_SEARCH_PATHS = (
					"$(inherited)",
					"@executable_path/Frameworks",
					"@loader_path/Frameworks",
				);
				PRODUCT_BUNDLE_IDENTIFIER = "io.arik.Swift-Rust-FFITests";
				PRODUCT_NAME = "$(TARGET_NAME)";
				SWIFT_VERSION = 5.0;
				TARGETED_DEVICE_FAMILY = "1,2";
				TEST_HOST = "$(BUILT_PRODUCTS_DIR)/Swift Rust FFI.app/Swift Rust FFI";
			};
			name = Release;
		};
/* End XCBuildConfiguration section */

/* Begin XCConfigurationList section */
		076BCB68240E56EF002FFD79 /* Build configuration list for PBXProject "Swift Rust FFI" */ = {
			isa = XCConfigurationList;
			buildConfigurations = (
				076BCB8A240E56F4002FFD79 /* Debug */,
				076BCB8B240E56F4002FFD79 /* Release */,
			);
			defaultConfigurationIsVisible = 0;
			defaultConfigurationName = Release;
		};
		076BCB8C240E56F4002FFD79 /* Build configuration list for PBXNativeTarget "Swift Rust FFI" */ = {
			isa = XCConfigurationList;
			buildConfigurations = (
				076BCB8D240E56F4002FFD79 /* Debug */,
				076BCB8E240E56F4002FFD79 /* Release */,
			);
			defaultConfigurationIsVisible = 0;
			defaultConfigurationName = Release;
		};
		076BCB8F240E56F4002FFD79 /* Build configuration list for PBXNativeTarget "Swift Rust FFITests" */ = {
			isa = XCConfigurationList;
			buildConfigurations = (
				076BCB90240E56F4002FFD79 /* Debug */,
				076BCB91240E56F4002FFD79 /* Release */,
			);
			defaultConfigurationIsVisible = 0;
			defaultConfigurationName = Release;
		};
/* End XCConfigurationList section */
	};
	rootObject = 076BCB65240E56EF002FFD79 /* Project object */;
}
